// !$*UTF8*$!
{
	archiveVersion = 1;
	classes = {
	};
	objectVersion = 55;
	objects = {

/* Begin PBXBuildFile section */
		1A657BF728ADBCBA00BE4565 /* StudentViewApp.swift in Sources */ = {isa = PBXBuildFile; fileRef = 1A657BE328ADBCB800BE4565 /* StudentViewApp.swift */; };
		1A657BF828ADBCBA00BE4565 /* StudentViewApp.swift in Sources */ = {isa = PBXBuildFile; fileRef = 1A657BE328ADBCB800BE4565 /* StudentViewApp.swift */; };
		1A657BFB28ADBCBA00BE4565 /* ContentView.swift in Sources */ = {isa = PBXBuildFile; fileRef = 1A657BE528ADBCB800BE4565 /* ContentView.swift */; };
		1A657BFC28ADBCBA00BE4565 /* ContentView.swift in Sources */ = {isa = PBXBuildFile; fileRef = 1A657BE528ADBCB800BE4565 /* ContentView.swift */; };
		1A657BFD28ADBCBA00BE4565 /* Assets.xcassets in Resources */ = {isa = PBXBuildFile; fileRef = 1A657BE628ADBCB900BE4565 /* Assets.xcassets */; };
		1A657BFE28ADBCBA00BE4565 /* Assets.xcassets in Resources */ = {isa = PBXBuildFile; fileRef = 1A657BE628ADBCB900BE4565 /* Assets.xcassets */; };
		1A657C1228ADD8C100BE4565 /* Main.xcdatamodeld in Sources */ = {isa = PBXBuildFile; fileRef = 1A657C1028ADD8C100BE4565 /* Main.xcdatamodeld */; };
		1A657C1328ADD8C100BE4565 /* Main.xcdatamodeld in Sources */ = {isa = PBXBuildFile; fileRef = 1A657C1028ADD8C100BE4565 /* Main.xcdatamodeld */; };
		1A657C1528ADD93C00BE4565 /* Persistence.swift in Sources */ = {isa = PBXBuildFile; fileRef = 1A657C1428ADD93C00BE4565 /* Persistence.swift */; };
		1A657C1628ADD93C00BE4565 /* Persistence.swift in Sources */ = {isa = PBXBuildFile; fileRef = 1A657C1428ADD93C00BE4565 /* Persistence.swift */; };
		1AFED89728AF272E0065B679 /* PaidFeesScreen.swift in Sources */ = {isa = PBXBuildFile; fileRef = 1A0A4E4028AF05ED00339A7A /* PaidFeesScreen.swift */; };
		1AFED89828AF272E0065B679 /* FinancesScreen.swift in Sources */ = {isa = PBXBuildFile; fileRef = 1AFED88A28AF23CE0065B679 /* FinancesScreen.swift */; };
		1AFED89928AF272E0065B679 /* FinancesScreenMobile.swift in Sources */ = {isa = PBXBuildFile; fileRef = 1AFED89028AF24550065B679 /* FinancesScreenMobile.swift */; };
		1AFED89A28AF272E0065B679 /* FinancesScreenMac.swift in Sources */ = {isa = PBXBuildFile; fileRef = 1AFED88D28AF24260065B679 /* FinancesScreenMac.swift */; };
		1AFED89B28AF272E0065B679 /* MainNavigationMac.swift in Sources */ = {isa = PBXBuildFile; fileRef = 1AFED88728AF22D40065B679 /* MainNavigationMac.swift */; };
		1AFED89C28AF272E0065B679 /* UnpaidFeesScreen.swift in Sources */ = {isa = PBXBuildFile; fileRef = 1A0A4E4228AF062800339A7A /* UnpaidFeesScreen.swift */; };
		1AFED89D28AF272E0065B679 /* MainNavigation.swift in Sources */ = {isa = PBXBuildFile; fileRef = 1AFED88428AF220B0065B679 /* MainNavigation.swift */; };
		1AFED89E28AF272E0065B679 /* MainNavigationMobile.swift in Sources */ = {isa = PBXBuildFile; fileRef = 1A0A4E3B28AEB53700339A7A /* MainNavigationMobile.swift */; };
		1AFED89F28AF272E0065B679 /* CoreDataUtil.swift in Sources */ = {isa = PBXBuildFile; fileRef = 1A657C1B28ADE06F00BE4565 /* CoreDataUtil.swift */; };
		1AFED8A028AF272E0065B679 /* Constants.swift in Sources */ = {isa = PBXBuildFile; fileRef = 1A657C0A28ADC98100BE4565 /* Constants.swift */; };
		1AFED8A128AF27300065B679 /* PaidFeesScreen.swift in Sources */ = {isa = PBXBuildFile; fileRef = 1A0A4E4028AF05ED00339A7A /* PaidFeesScreen.swift */; };
		1AFED8A228AF27300065B679 /* FinancesScreen.swift in Sources */ = {isa = PBXBuildFile; fileRef = 1AFED88A28AF23CE0065B679 /* FinancesScreen.swift */; };
		1AFED8A328AF27300065B679 /* FinancesScreenMobile.swift in Sources */ = {isa = PBXBuildFile; fileRef = 1AFED89028AF24550065B679 /* FinancesScreenMobile.swift */; };
		1AFED8A428AF27300065B679 /* FinancesScreenMac.swift in Sources */ = {isa = PBXBuildFile; fileRef = 1AFED88D28AF24260065B679 /* FinancesScreenMac.swift */; };
		1AFED8A528AF27300065B679 /* MainNavigationMac.swift in Sources */ = {isa = PBXBuildFile; fileRef = 1AFED88728AF22D40065B679 /* MainNavigationMac.swift */; };
		1AFED8A628AF27300065B679 /* UnpaidFeesScreen.swift in Sources */ = {isa = PBXBuildFile; fileRef = 1A0A4E4228AF062800339A7A /* UnpaidFeesScreen.swift */; };
		1AFED8A728AF27300065B679 /* MainNavigation.swift in Sources */ = {isa = PBXBuildFile; fileRef = 1AFED88428AF220B0065B679 /* MainNavigation.swift */; };
		1AFED8A828AF27310065B679 /* MainNavigationMobile.swift in Sources */ = {isa = PBXBuildFile; fileRef = 1A0A4E3B28AEB53700339A7A /* MainNavigationMobile.swift */; };
		1AFED8A928AF27310065B679 /* CoreDataUtil.swift in Sources */ = {isa = PBXBuildFile; fileRef = 1A657C1B28ADE06F00BE4565 /* CoreDataUtil.swift */; };
		1AFED8AA28AF27310065B679 /* Constants.swift in Sources */ = {isa = PBXBuildFile; fileRef = 1A657C0A28ADC98100BE4565 /* Constants.swift */; };
		1AFED8AD28AF369F0065B679 /* Fee+CoreDataHelper.swift in Sources */ = {isa = PBXBuildFile; fileRef = 1AFED8AC28AF369F0065B679 /* Fee+CoreDataHelper.swift */; };
		1AFED8AE28AF369F0065B679 /* Fee+CoreDataHelper.swift in Sources */ = {isa = PBXBuildFile; fileRef = 1AFED8AC28AF369F0065B679 /* Fee+CoreDataHelper.swift */; };
		1AFED8B028B043920065B679 /* Course+CoreDataHelper.swift in Sources */ = {isa = PBXBuildFile; fileRef = 1AFED8AF28B043920065B679 /* Course+CoreDataHelper.swift */; };
		1AFED8B128B043920065B679 /* Course+CoreDataHelper.swift in Sources */ = {isa = PBXBuildFile; fileRef = 1AFED8AF28B043920065B679 /* Course+CoreDataHelper.swift */; };
		1AFED8B328B0525A0065B679 /* CoursesScreen.swift in Sources */ = {isa = PBXBuildFile; fileRef = 1AFED8B228B0525A0065B679 /* CoursesScreen.swift */; };
		1AFED8B428B0525A0065B679 /* CoursesScreen.swift in Sources */ = {isa = PBXBuildFile; fileRef = 1AFED8B228B0525A0065B679 /* CoursesScreen.swift */; };
		1AFED8B728B060FF0065B679 /* CourseCell.swift in Sources */ = {isa = PBXBuildFile; fileRef = 1AFED8B628B060FF0065B679 /* CourseCell.swift */; };
		1AFED8B828B060FF0065B679 /* CourseCell.swift in Sources */ = {isa = PBXBuildFile; fileRef = 1AFED8B628B060FF0065B679 /* CourseCell.swift */; };
		1AFED8BA28B067310065B679 /* CoursesScreenMac.swift in Sources */ = {isa = PBXBuildFile; fileRef = 1AFED8B928B067310065B679 /* CoursesScreenMac.swift */; };
		1AFED8BB28B067310065B679 /* CoursesScreenMac.swift in Sources */ = {isa = PBXBuildFile; fileRef = 1AFED8B928B067310065B679 /* CoursesScreenMac.swift */; };
		1AFED8BD28B067B30065B679 /* CoursesScreenMobile.swift in Sources */ = {isa = PBXBuildFile; fileRef = 1AFED8BC28B067B30065B679 /* CoursesScreenMobile.swift */; };
		1AFED8BE28B067B30065B679 /* CoursesScreenMobile.swift in Sources */ = {isa = PBXBuildFile; fileRef = 1AFED8BC28B067B30065B679 /* CoursesScreenMobile.swift */; };
		1AFED8C628B087BF0065B679 /* AddCourseScreen.swift in Sources */ = {isa = PBXBuildFile; fileRef = 1AFED8C528B087BF0065B679 /* AddCourseScreen.swift */; };
		1AFED8C728B087BF0065B679 /* AddCourseScreen.swift in Sources */ = {isa = PBXBuildFile; fileRef = 1AFED8C528B087BF0065B679 /* AddCourseScreen.swift */; };
		1AFED8CA28B18FFD0065B679 /* AddCourseScreenMobile.swift in Sources */ = {isa = PBXBuildFile; fileRef = 1AFED8C928B18FFD0065B679 /* AddCourseScreenMobile.swift */; };
		1AFED8CB28B18FFD0065B679 /* AddCourseScreenMobile.swift in Sources */ = {isa = PBXBuildFile; fileRef = 1AFED8C928B18FFD0065B679 /* AddCourseScreenMobile.swift */; };
		1AFED8CD28B190800065B679 /* AddCourseScreenMac.swift in Sources */ = {isa = PBXBuildFile; fileRef = 1AFED8CC28B190800065B679 /* AddCourseScreenMac.swift */; };
		1AFED8CE28B190800065B679 /* AddCourseScreenMac.swift in Sources */ = {isa = PBXBuildFile; fileRef = 1AFED8CC28B190800065B679 /* AddCourseScreenMac.swift */; };
/* End PBXBuildFile section */

/* Begin PBXFileReference section */
		1A0A4E3B28AEB53700339A7A /* MainNavigationMobile.swift */ = {isa = PBXFileReference; lastKnownFileType = sourcecode.swift; path = MainNavigationMobile.swift; sourceTree = "<group>"; };
		1A0A4E4028AF05ED00339A7A /* PaidFeesScreen.swift */ = {isa = PBXFileReference; lastKnownFileType = sourcecode.swift; path = PaidFeesScreen.swift; sourceTree = "<group>"; };
		1A0A4E4228AF062800339A7A /* UnpaidFeesScreen.swift */ = {isa = PBXFileReference; lastKnownFileType = sourcecode.swift; path = UnpaidFeesScreen.swift; sourceTree = "<group>"; };
		1A657BE328ADBCB800BE4565 /* StudentViewApp.swift */ = {isa = PBXFileReference; lastKnownFileType = sourcecode.swift; path = StudentViewApp.swift; sourceTree = "<group>"; };
		1A657BE528ADBCB800BE4565 /* ContentView.swift */ = {isa = PBXFileReference; lastKnownFileType = sourcecode.swift; path = ContentView.swift; sourceTree = "<group>"; };
		1A657BE628ADBCB900BE4565 /* Assets.xcassets */ = {isa = PBXFileReference; lastKnownFileType = folder.assetcatalog; path = Assets.xcassets; sourceTree = "<group>"; };
		1A657BEB28ADBCBA00BE4565 /* StudentView.app */ = {isa = PBXFileReference; explicitFileType = wrapper.application; includeInIndex = 0; path = StudentView.app; sourceTree = BUILT_PRODUCTS_DIR; };
		1A657BEE28ADBCBA00BE4565 /* Info.plist */ = {isa = PBXFileReference; lastKnownFileType = text.plist.xml; path = Info.plist; sourceTree = "<group>"; };
		1A657BF328ADBCBA00BE4565 /* StudentView.app */ = {isa = PBXFileReference; explicitFileType = wrapper.application; includeInIndex = 0; path = StudentView.app; sourceTree = BUILT_PRODUCTS_DIR; };
		1A657BF528ADBCBA00BE4565 /* Info.plist */ = {isa = PBXFileReference; lastKnownFileType = text.plist.xml; path = Info.plist; sourceTree = "<group>"; };
		1A657BF628ADBCBA00BE4565 /* macOS.entitlements */ = {isa = PBXFileReference; lastKnownFileType = text.plist.entitlements; path = macOS.entitlements; sourceTree = "<group>"; };
		1A657C0A28ADC98100BE4565 /* Constants.swift */ = {isa = PBXFileReference; lastKnownFileType = sourcecode.swift; path = Constants.swift; sourceTree = "<group>"; };
		1A657C1128ADD8C100BE4565 /* Main.xcdatamodel */ = {isa = PBXFileReference; lastKnownFileType = wrapper.xcdatamodel; path = Main.xcdatamodel; sourceTree = "<group>"; };
		1A657C1428ADD93C00BE4565 /* Persistence.swift */ = {isa = PBXFileReference; fileEncoding = 4; lastKnownFileType = sourcecode.swift; name = Persistence.swift; path = ../../../../../.Trash/StudentView/Shared/Persistence.swift; sourceTree = "<group>"; };
		1A657C1B28ADE06F00BE4565 /* CoreDataUtil.swift */ = {isa = PBXFileReference; lastKnownFileType = sourcecode.swift; path = CoreDataUtil.swift; sourceTree = "<group>"; };
		1AFED88428AF220B0065B679 /* MainNavigation.swift */ = {isa = PBXFileReference; lastKnownFileType = sourcecode.swift; path = MainNavigation.swift; sourceTree = "<group>"; };
		1AFED88728AF22D40065B679 /* MainNavigationMac.swift */ = {isa = PBXFileReference; lastKnownFileType = sourcecode.swift; path = MainNavigationMac.swift; sourceTree = "<group>"; };
		1AFED88A28AF23CE0065B679 /* FinancesScreen.swift */ = {isa = PBXFileReference; lastKnownFileType = sourcecode.swift; path = FinancesScreen.swift; sourceTree = "<group>"; };
		1AFED88D28AF24260065B679 /* FinancesScreenMac.swift */ = {isa = PBXFileReference; lastKnownFileType = sourcecode.swift; path = FinancesScreenMac.swift; sourceTree = "<group>"; };
		1AFED89028AF24550065B679 /* FinancesScreenMobile.swift */ = {isa = PBXFileReference; lastKnownFileType = sourcecode.swift; path = FinancesScreenMobile.swift; sourceTree = "<group>"; };
		1AFED8AC28AF369F0065B679 /* Fee+CoreDataHelper.swift */ = {isa = PBXFileReference; lastKnownFileType = sourcecode.swift; path = "Fee+CoreDataHelper.swift"; sourceTree = "<group>"; };
		1AFED8AF28B043920065B679 /* Course+CoreDataHelper.swift */ = {isa = PBXFileReference; lastKnownFileType = sourcecode.swift; path = "Course+CoreDataHelper.swift"; sourceTree = "<group>"; };
		1AFED8B228B0525A0065B679 /* CoursesScreen.swift */ = {isa = PBXFileReference; lastKnownFileType = sourcecode.swift; path = CoursesScreen.swift; sourceTree = "<group>"; };
		1AFED8B628B060FF0065B679 /* CourseCell.swift */ = {isa = PBXFileReference; lastKnownFileType = sourcecode.swift; path = CourseCell.swift; sourceTree = "<group>"; };
		1AFED8B928B067310065B679 /* CoursesScreenMac.swift */ = {isa = PBXFileReference; lastKnownFileType = sourcecode.swift; path = CoursesScreenMac.swift; sourceTree = "<group>"; };
		1AFED8BC28B067B30065B679 /* CoursesScreenMobile.swift */ = {isa = PBXFileReference; lastKnownFileType = sourcecode.swift; path = CoursesScreenMobile.swift; sourceTree = "<group>"; };
		1AFED8C528B087BF0065B679 /* AddCourseScreen.swift */ = {isa = PBXFileReference; lastKnownFileType = sourcecode.swift; path = AddCourseScreen.swift; sourceTree = "<group>"; };
		1AFED8C928B18FFD0065B679 /* AddCourseScreenMobile.swift */ = {isa = PBXFileReference; lastKnownFileType = sourcecode.swift; path = AddCourseScreenMobile.swift; sourceTree = "<group>"; };
		1AFED8CC28B190800065B679 /* AddCourseScreenMac.swift */ = {isa = PBXFileReference; lastKnownFileType = sourcecode.swift; path = AddCourseScreenMac.swift; sourceTree = "<group>"; };
/* End PBXFileReference section */

/* Begin PBXFrameworksBuildPhase section */
		1A657BE828ADBCBA00BE4565 /* Frameworks */ = {
			isa = PBXFrameworksBuildPhase;
			buildActionMask = 2147483647;
			files = (
			);
			runOnlyForDeploymentPostprocessing = 0;
		};
		1A657BF028ADBCBA00BE4565 /* Frameworks */ = {
			isa = PBXFrameworksBuildPhase;
			buildActionMask = 2147483647;
			files = (
			);
			runOnlyForDeploymentPostprocessing = 0;
		};
/* End PBXFrameworksBuildPhase section */

/* Begin PBXGroup section */
		1A0A4E3F28AF05B000339A7A /* Screen */ = {
			isa = PBXGroup;
			children = (
				1AFED8C228B0707A0065B679 /* Finances */,
				1AFED8C128B06FE00065B679 /* Courses */,
			);
			path = Screen;
			sourceTree = "<group>";
		};
		1A657BDD28ADBCB800BE4565 = {
			isa = PBXGroup;
			children = (
				1A657BE228ADBCB800BE4565 /* Shared */,
				1A657BED28ADBCBA00BE4565 /* iOS */,
				1A657BF428ADBCBA00BE4565 /* macOS */,
				1A657BEC28ADBCBA00BE4565 /* Products */,
			);
			sourceTree = "<group>";
		};
		1A657BE228ADBCB800BE4565 /* Shared */ = {
			isa = PBXGroup;
			children = (
				1AFED8B528B060D80065B679 /* Cells */,
				1AFED89328AF25F30065B679 /* Navigation */,
				1A0A4E3F28AF05B000339A7A /* Screen */,
				1A657C1928ADDFBB00BE4565 /* Utilities */,
				1A657BE328ADBCB800BE4565 /* StudentViewApp.swift */,
				1A657C1428ADD93C00BE4565 /* Persistence.swift */,
				1A657C1028ADD8C100BE4565 /* Main.xcdatamodeld */,
				1A657BE528ADBCB800BE4565 /* ContentView.swift */,
				1A657BE628ADBCB900BE4565 /* Assets.xcassets */,
			);
			path = Shared;
			sourceTree = "<group>";
		};
		1A657BEC28ADBCBA00BE4565 /* Products */ = {
			isa = PBXGroup;
			children = (
				1A657BEB28ADBCBA00BE4565 /* StudentView.app */,
				1A657BF328ADBCBA00BE4565 /* StudentView.app */,
			);
			name = Products;
			sourceTree = "<group>";
		};
		1A657BED28ADBCBA00BE4565 /* iOS */ = {
			isa = PBXGroup;
			children = (
				1A657BEE28ADBCBA00BE4565 /* Info.plist */,
			);
			path = iOS;
			sourceTree = "<group>";
		};
		1A657BF428ADBCBA00BE4565 /* macOS */ = {
			isa = PBXGroup;
			children = (
				1A657BF528ADBCBA00BE4565 /* Info.plist */,
				1A657BF628ADBCBA00BE4565 /* macOS.entitlements */,
			);
			path = macOS;
			sourceTree = "<group>";
		};
		1A657C1928ADDFBB00BE4565 /* Utilities */ = {
			isa = PBXGroup;
			children = (
				1A657C0A28ADC98100BE4565 /* Constants.swift */,
				1A657C1A28ADDFDD00BE4565 /* Core Data */,
			);
			path = Utilities;
			sourceTree = "<group>";
		};
		1A657C1A28ADDFDD00BE4565 /* Core Data */ = {
			isa = PBXGroup;
			children = (
				1AFED8AB28AF36650065B679 /* Extensions */,
				1A657C1B28ADE06F00BE4565 /* CoreDataUtil.swift */,
			);
			path = "Core Data";
			sourceTree = "<group>";
		};
		1AFED89328AF25F30065B679 /* Navigation */ = {
			isa = PBXGroup;
			children = (
				1A0A4E3B28AEB53700339A7A /* MainNavigationMobile.swift */,
				1AFED88428AF220B0065B679 /* MainNavigation.swift */,
				1AFED88728AF22D40065B679 /* MainNavigationMac.swift */,
			);
			path = Navigation;
			sourceTree = "<group>";
		};
		1AFED8AB28AF36650065B679 /* Extensions */ = {
			isa = PBXGroup;
			children = (
				1AFED8AC28AF369F0065B679 /* Fee+CoreDataHelper.swift */,
				1AFED8AF28B043920065B679 /* Course+CoreDataHelper.swift */,
			);
			path = Extensions;
			sourceTree = "<group>";
		};
		1AFED8B528B060D80065B679 /* Cells */ = {
			isa = PBXGroup;
			children = (
				1AFED8B628B060FF0065B679 /* CourseCell.swift */,
			);
			path = Cells;
			sourceTree = "<group>";
		};
		1AFED8C128B06FE00065B679 /* Courses */ = {
			isa = PBXGroup;
			children = (
				1AFED8C428B087870065B679 /* Modal */,
				1AFED8B228B0525A0065B679 /* CoursesScreen.swift */,
				1AFED8B928B067310065B679 /* CoursesScreenMac.swift */,
				1AFED8BC28B067B30065B679 /* CoursesScreenMobile.swift */,
			);
			path = Courses;
			sourceTree = "<group>";
		};
		1AFED8C228B0707A0065B679 /* Finances */ = {
			isa = PBXGroup;
			children = (
				1AFED88A28AF23CE0065B679 /* FinancesScreen.swift */,
				1AFED88D28AF24260065B679 /* FinancesScreenMac.swift */,
				1AFED89028AF24550065B679 /* FinancesScreenMobile.swift */,
				1AFED8C328B070F00065B679 /* Fees */,
			);
			path = Finances;
			sourceTree = "<group>";
		};
		1AFED8C328B070F00065B679 /* Fees */ = {
			isa = PBXGroup;
			children = (
				1A0A4E4028AF05ED00339A7A /* PaidFeesScreen.swift */,
				1A0A4E4228AF062800339A7A /* UnpaidFeesScreen.swift */,
			);
			path = Fees;
			sourceTree = "<group>";
		};
		1AFED8C428B087870065B679 /* Modal */ = {
			isa = PBXGroup;
			children = (
				1AFED8C528B087BF0065B679 /* AddCourseScreen.swift */,
				1AFED8C928B18FFD0065B679 /* AddCourseScreenMobile.swift */,
				1AFED8CC28B190800065B679 /* AddCourseScreenMac.swift */,
			);
			path = Modal;
			sourceTree = "<group>";
		};
/* End PBXGroup section */

/* Begin PBXNativeTarget section */
		1A657BEA28ADBCBA00BE4565 /* StudentView (iOS) */ = {
			isa = PBXNativeTarget;
			buildConfigurationList = 1A657C0128ADBCBA00BE4565 /* Build configuration list for PBXNativeTarget "StudentView (iOS)" */;
			buildPhases = (
				1A657BE728ADBCBA00BE4565 /* Sources */,
				1A657BE828ADBCBA00BE4565 /* Frameworks */,
				1A657BE928ADBCBA00BE4565 /* Resources */,
			);
			buildRules = (
			);
			dependencies = (
			);
			name = "StudentView (iOS)";
			productName = "StudentView (iOS)";
			productReference = 1A657BEB28ADBCBA00BE4565 /* StudentView.app */;
			productType = "com.apple.product-type.application";
		};
		1A657BF228ADBCBA00BE4565 /* StudentView (macOS) */ = {
			isa = PBXNativeTarget;
			buildConfigurationList = 1A657C0428ADBCBA00BE4565 /* Build configuration list for PBXNativeTarget "StudentView (macOS)" */;
			buildPhases = (
				1A657BEF28ADBCBA00BE4565 /* Sources */,
				1A657BF028ADBCBA00BE4565 /* Frameworks */,
				1A657BF128ADBCBA00BE4565 /* Resources */,
			);
			buildRules = (
			);
			dependencies = (
			);
			name = "StudentView (macOS)";
			productName = "StudentView (macOS)";
			productReference = 1A657BF328ADBCBA00BE4565 /* StudentView.app */;
			productType = "com.apple.product-type.application";
		};
/* End PBXNativeTarget section */

/* Begin PBXProject section */
		1A657BDE28ADBCB800BE4565 /* Project object */ = {
			isa = PBXProject;
			attributes = {
				BuildIndependentTargetsInParallel = 1;
				LastSwiftUpdateCheck = 1340;
				LastUpgradeCheck = 1340;
				TargetAttributes = {
					1A657BEA28ADBCBA00BE4565 = {
						CreatedOnToolsVersion = 13.4.1;
					};
					1A657BF228ADBCBA00BE4565 = {
						CreatedOnToolsVersion = 13.4.1;
					};
				};
			};
			buildConfigurationList = 1A657BE128ADBCB800BE4565 /* Build configuration list for PBXProject "StudentView" */;
			compatibilityVersion = "Xcode 13.0";
			developmentRegion = en;
			hasScannedForEncodings = 0;
			knownRegions = (
				en,
				Base,
			);
			mainGroup = 1A657BDD28ADBCB800BE4565;
			productRefGroup = 1A657BEC28ADBCBA00BE4565 /* Products */;
			projectDirPath = "";
			projectRoot = "";
			targets = (
				1A657BEA28ADBCBA00BE4565 /* StudentView (iOS) */,
				1A657BF228ADBCBA00BE4565 /* StudentView (macOS) */,
			);
		};
/* End PBXProject section */

/* Begin PBXResourcesBuildPhase section */
		1A657BE928ADBCBA00BE4565 /* Resources */ = {
			isa = PBXResourcesBuildPhase;
			buildActionMask = 2147483647;
			files = (
				1A657BFD28ADBCBA00BE4565 /* Assets.xcassets in Resources */,
			);
			runOnlyForDeploymentPostprocessing = 0;
		};
		1A657BF128ADBCBA00BE4565 /* Resources */ = {
			isa = PBXResourcesBuildPhase;
			buildActionMask = 2147483647;
			files = (
				1A657BFE28ADBCBA00BE4565 /* Assets.xcassets in Resources */,
			);
			runOnlyForDeploymentPostprocessing = 0;
		};
/* End PBXResourcesBuildPhase section */

/* Begin PBXSourcesBuildPhase section */
		1A657BE728ADBCBA00BE4565 /* Sources */ = {
			isa = PBXSourcesBuildPhase;
			buildActionMask = 2147483647;
			files = (
				1AFED8CA28B18FFD0065B679 /* AddCourseScreenMobile.swift in Sources */,
				1A657BF728ADBCBA00BE4565 /* StudentViewApp.swift in Sources */,
				1AFED8A928AF27310065B679 /* CoreDataUtil.swift in Sources */,
				1AFED8B328B0525A0065B679 /* CoursesScreen.swift in Sources */,
				1A657C1528ADD93C00BE4565 /* Persistence.swift in Sources */,
				1AFED8A828AF27310065B679 /* MainNavigationMobile.swift in Sources */,
				1AFED8A428AF27300065B679 /* FinancesScreenMac.swift in Sources */,
				1AFED8B028B043920065B679 /* Course+CoreDataHelper.swift in Sources */,
				1AFED8C628B087BF0065B679 /* AddCourseScreen.swift in Sources */,
				1AFED8A128AF27300065B679 /* PaidFeesScreen.swift in Sources */,
				1AFED8A728AF27300065B679 /* MainNavigation.swift in Sources */,
				1A657BFB28ADBCBA00BE4565 /* ContentView.swift in Sources */,
				1AFED8A228AF27300065B679 /* FinancesScreen.swift in Sources */,
				1AFED8BA28B067310065B679 /* CoursesScreenMac.swift in Sources */,
				1AFED8BD28B067B30065B679 /* CoursesScreenMobile.swift in Sources */,
				1AFED8A528AF27300065B679 /* MainNavigationMac.swift in Sources */,
				1AFED8B728B060FF0065B679 /* CourseCell.swift in Sources */,
				1AFED8A628AF27300065B679 /* UnpaidFeesScreen.swift in Sources */,
				1AFED8AA28AF27310065B679 /* Constants.swift in Sources */,
				1AFED8CD28B190800065B679 /* AddCourseScreenMac.swift in Sources */,
				1AFED8AD28AF369F0065B679 /* Fee+CoreDataHelper.swift in Sources */,
				1A657C1228ADD8C100BE4565 /* Main.xcdatamodeld in Sources */,
				1AFED8A328AF27300065B679 /* FinancesScreenMobile.swift in Sources */,
			);
			runOnlyForDeploymentPostprocessing = 0;
		};
		1A657BEF28ADBCBA00BE4565 /* Sources */ = {
			isa = PBXSourcesBuildPhase;
			buildActionMask = 2147483647;
			files = (
				1AFED8CB28B18FFD0065B679 /* AddCourseScreenMobile.swift in Sources */,
				1A657BF828ADBCBA00BE4565 /* StudentViewApp.swift in Sources */,
				1AFED89F28AF272E0065B679 /* CoreDataUtil.swift in Sources */,
				1AFED8B428B0525A0065B679 /* CoursesScreen.swift in Sources */,
				1A657C1628ADD93C00BE4565 /* Persistence.swift in Sources */,
				1AFED89E28AF272E0065B679 /* MainNavigationMobile.swift in Sources */,
				1AFED89A28AF272E0065B679 /* FinancesScreenMac.swift in Sources */,
				1AFED8B128B043920065B679 /* Course+CoreDataHelper.swift in Sources */,
				1AFED8C728B087BF0065B679 /* AddCourseScreen.swift in Sources */,
				1AFED89728AF272E0065B679 /* PaidFeesScreen.swift in Sources */,
				1AFED89D28AF272E0065B679 /* MainNavigation.swift in Sources */,
				1A657BFC28ADBCBA00BE4565 /* ContentView.swift in Sources */,
				1AFED89828AF272E0065B679 /* FinancesScreen.swift in Sources */,
				1AFED8BB28B067310065B679 /* CoursesScreenMac.swift in Sources */,
				1AFED8BE28B067B30065B679 /* CoursesScreenMobile.swift in Sources */,
				1AFED89B28AF272E0065B679 /* MainNavigationMac.swift in Sources */,
				1AFED8B828B060FF0065B679 /* CourseCell.swift in Sources */,
				1AFED89C28AF272E0065B679 /* UnpaidFeesScreen.swift in Sources */,
				1AFED8A028AF272E0065B679 /* Constants.swift in Sources */,
				1AFED8CE28B190800065B679 /* AddCourseScreenMac.swift in Sources */,
				1AFED8AE28AF369F0065B679 /* Fee+CoreDataHelper.swift in Sources */,
				1A657C1328ADD8C100BE4565 /* Main.xcdatamodeld in Sources */,
				1AFED89928AF272E0065B679 /* FinancesScreenMobile.swift in Sources */,
			);
			runOnlyForDeploymentPostprocessing = 0;
		};
/* End PBXSourcesBuildPhase section */

/* Begin XCBuildConfiguration section */
		1A657BFF28ADBCBA00BE4565 /* Debug */ = {
			isa = XCBuildConfiguration;
			buildSettings = {
				ALWAYS_SEARCH_USER_PATHS = NO;
				CLANG_ANALYZER_NONNULL = YES;
				CLANG_ANALYZER_NUMBER_OBJECT_CONVERSION = YES_AGGRESSIVE;
				CLANG_CXX_LANGUAGE_STANDARD = "gnu++17";
				CLANG_ENABLE_MODULES = YES;
				CLANG_ENABLE_OBJC_ARC = YES;
				CLANG_ENABLE_OBJC_WEAK = YES;
				CLANG_WARN_BLOCK_CAPTURE_AUTORELEASING = YES;
				CLANG_WARN_BOOL_CONVERSION = YES;
				CLANG_WARN_COMMA = YES;
				CLANG_WARN_CONSTANT_CONVERSION = YES;
				CLANG_WARN_DEPRECATED_OBJC_IMPLEMENTATIONS = YES;
				CLANG_WARN_DIRECT_OBJC_ISA_USAGE = YES_ERROR;
				CLANG_WARN_DOCUMENTATION_COMMENTS = YES;
				CLANG_WARN_EMPTY_BODY = YES;
				CLANG_WARN_ENUM_CONVERSION = YES;
				CLANG_WARN_INFINITE_RECURSION = YES;
				CLANG_WARN_INT_CONVERSION = YES;
				CLANG_WARN_NON_LITERAL_NULL_CONVERSION = YES;
				CLANG_WARN_OBJC_IMPLICIT_RETAIN_SELF = YES;
				CLANG_WARN_OBJC_LITERAL_CONVERSION = YES;
				CLANG_WARN_OBJC_ROOT_CLASS = YES_ERROR;
				CLANG_WARN_QUOTED_INCLUDE_IN_FRAMEWORK_HEADER = YES;
				CLANG_WARN_RANGE_LOOP_ANALYSIS = YES;
				CLANG_WARN_STRICT_PROTOTYPES = YES;
				CLANG_WARN_SUSPICIOUS_MOVE = YES;
				CLANG_WARN_UNGUARDED_AVAILABILITY = YES_AGGRESSIVE;
				CLANG_WARN_UNREACHABLE_CODE = YES;
				CLANG_WARN__DUPLICATE_METHOD_MATCH = YES;
				COPY_PHASE_STRIP = NO;
				DEBUG_INFORMATION_FORMAT = dwarf;
				ENABLE_STRICT_OBJC_MSGSEND = YES;
				ENABLE_TESTABILITY = YES;
				GCC_C_LANGUAGE_STANDARD = gnu11;
				GCC_DYNAMIC_NO_PIC = NO;
				GCC_NO_COMMON_BLOCKS = YES;
				GCC_OPTIMIZATION_LEVEL = 0;
				GCC_PREPROCESSOR_DEFINITIONS = (
					"DEBUG=1",
					"$(inherited)",
				);
				GCC_WARN_64_TO_32_BIT_CONVERSION = YES;
				GCC_WARN_ABOUT_RETURN_TYPE = YES_ERROR;
				GCC_WARN_UNDECLARED_SELECTOR = YES;
				GCC_WARN_UNINITIALIZED_AUTOS = YES_AGGRESSIVE;
				GCC_WARN_UNUSED_FUNCTION = YES;
				GCC_WARN_UNUSED_VARIABLE = YES;
				MTL_ENABLE_DEBUG_INFO = INCLUDE_SOURCE;
				MTL_FAST_MATH = YES;
				ONLY_ACTIVE_ARCH = YES;
				SWIFT_ACTIVE_COMPILATION_CONDITIONS = DEBUG;
				SWIFT_OPTIMIZATION_LEVEL = "-Onone";
			};
			name = Debug;
		};
		1A657C0028ADBCBA00BE4565 /* Release */ = {
			isa = XCBuildConfiguration;
			buildSettings = {
				ALWAYS_SEARCH_USER_PATHS = NO;
				CLANG_ANALYZER_NONNULL = YES;
				CLANG_ANALYZER_NUMBER_OBJECT_CONVERSION = YES_AGGRESSIVE;
				CLANG_CXX_LANGUAGE_STANDARD = "gnu++17";
				CLANG_ENABLE_MODULES = YES;
				CLANG_ENABLE_OBJC_ARC = YES;
				CLANG_ENABLE_OBJC_WEAK = YES;
				CLANG_WARN_BLOCK_CAPTURE_AUTORELEASING = YES;
				CLANG_WARN_BOOL_CONVERSION = YES;
				CLANG_WARN_COMMA = YES;
				CLANG_WARN_CONSTANT_CONVERSION = YES;
				CLANG_WARN_DEPRECATED_OBJC_IMPLEMENTATIONS = YES;
				CLANG_WARN_DIRECT_OBJC_ISA_USAGE = YES_ERROR;
				CLANG_WARN_DOCUMENTATION_COMMENTS = YES;
				CLANG_WARN_EMPTY_BODY = YES;
				CLANG_WARN_ENUM_CONVERSION = YES;
				CLANG_WARN_INFINITE_RECURSION = YES;
				CLANG_WARN_INT_CONVERSION = YES;
				CLANG_WARN_NON_LITERAL_NULL_CONVERSION = YES;
				CLANG_WARN_OBJC_IMPLICIT_RETAIN_SELF = YES;
				CLANG_WARN_OBJC_LITERAL_CONVERSION = YES;
				CLANG_WARN_OBJC_ROOT_CLASS = YES_ERROR;
				CLANG_WARN_QUOTED_INCLUDE_IN_FRAMEWORK_HEADER = YES;
				CLANG_WARN_RANGE_LOOP_ANALYSIS = YES;
				CLANG_WARN_STRICT_PROTOTYPES = YES;
				CLANG_WARN_SUSPICIOUS_MOVE = YES;
				CLANG_WARN_UNGUARDED_AVAILABILITY = YES_AGGRESSIVE;
				CLANG_WARN_UNREACHABLE_CODE = YES;
				CLANG_WARN__DUPLICATE_METHOD_MATCH = YES;
				COPY_PHASE_STRIP = NO;
				DEBUG_INFORMATION_FORMAT = "dwarf-with-dsym";
				ENABLE_NS_ASSERTIONS = NO;
				ENABLE_STRICT_OBJC_MSGSEND = YES;
				GCC_C_LANGUAGE_STANDARD = gnu11;
				GCC_NO_COMMON_BLOCKS = YES;
				GCC_WARN_64_TO_32_BIT_CONVERSION = YES;
				GCC_WARN_ABOUT_RETURN_TYPE = YES_ERROR;
				GCC_WARN_UNDECLARED_SELECTOR = YES;
				GCC_WARN_UNINITIALIZED_AUTOS = YES_AGGRESSIVE;
				GCC_WARN_UNUSED_FUNCTION = YES;
				GCC_WARN_UNUSED_VARIABLE = YES;
				MTL_ENABLE_DEBUG_INFO = NO;
				MTL_FAST_MATH = YES;
				SWIFT_COMPILATION_MODE = wholemodule;
				SWIFT_OPTIMIZATION_LEVEL = "-O";
			};
			name = Release;
		};
		1A657C0228ADBCBA00BE4565 /* Debug */ = {
			isa = XCBuildConfiguration;
			buildSettings = {
				ASSETCATALOG_COMPILER_APPICON_NAME = AppIcon;
				ASSETCATALOG_COMPILER_GLOBAL_ACCENT_COLOR_NAME = AccentColor;
				CODE_SIGN_STYLE = Automatic;
				CURRENT_PROJECT_VERSION = 1;
				DEVELOPMENT_TEAM = B3NH98QL9A;
				ENABLE_PREVIEWS = YES;
				GENERATE_INFOPLIST_FILE = YES;
				INFOPLIST_FILE = iOS/Info.plist;
				INFOPLIST_KEY_LSSupportsOpeningDocumentsInPlace = YES;
				INFOPLIST_KEY_UIApplicationSupportsIndirectInputEvents = YES;
				INFOPLIST_KEY_UILaunchScreen_Generation = YES;
				INFOPLIST_KEY_UISupportedInterfaceOrientations_iPad = "UIInterfaceOrientationLandscapeLeft UIInterfaceOrientationLandscapeRight";
				INFOPLIST_KEY_UISupportedInterfaceOrientations_iPhone = "UIInterfaceOrientationPortrait UIInterfaceOrientationLandscapeLeft UIInterfaceOrientationLandscapeRight";
				INFOPLIST_KEY_UISupportsDocumentBrowser = YES;
				IPHONEOS_DEPLOYMENT_TARGET = 15.5;
				LD_RUNPATH_SEARCH_PATHS = (
					"$(inherited)",
					"@executable_path/Frameworks",
				);
				MARKETING_VERSION = 1.0;
				PRODUCT_BUNDLE_IDENTIFIER = com.joshrootdev.StudentView;
				PRODUCT_NAME = StudentView;
				SDKROOT = iphoneos;
				SWIFT_EMIT_LOC_STRINGS = YES;
				SWIFT_VERSION = 5.0;
				TARGETED_DEVICE_FAMILY = 2;
			};
			name = Debug;
		};
		1A657C0328ADBCBA00BE4565 /* Release */ = {
			isa = XCBuildConfiguration;
			buildSettings = {
				ASSETCATALOG_COMPILER_APPICON_NAME = AppIcon;
				ASSETCATALOG_COMPILER_GLOBAL_ACCENT_COLOR_NAME = AccentColor;
				CODE_SIGN_STYLE = Automatic;
				CURRENT_PROJECT_VERSION = 1;
				DEVELOPMENT_TEAM = B3NH98QL9A;
				ENABLE_PREVIEWS = YES;
				GENERATE_INFOPLIST_FILE = YES;
				INFOPLIST_FILE = iOS/Info.plist;
				INFOPLIST_KEY_LSSupportsOpeningDocumentsInPlace = YES;
				INFOPLIST_KEY_UIApplicationSupportsIndirectInputEvents = YES;
				INFOPLIST_KEY_UILaunchScreen_Generation = YES;
				INFOPLIST_KEY_UISupportedInterfaceOrientations_iPad = "UIInterfaceOrientationLandscapeLeft UIInterfaceOrientationLandscapeRight";
				INFOPLIST_KEY_UISupportedInterfaceOrientations_iPhone = "UIInterfaceOrientationPortrait UIInterfaceOrientationLandscapeLeft UIInterfaceOrientationLandscapeRight";
				INFOPLIST_KEY_UISupportsDocumentBrowser = YES;
				IPHONEOS_DEPLOYMENT_TARGET = 15.5;
				LD_RUNPATH_SEARCH_PATHS = (
					"$(inherited)",
					"@executable_path/Frameworks",
				);
				MARKETING_VERSION = 1.0;
				PRODUCT_BUNDLE_IDENTIFIER = com.joshrootdev.StudentView;
				PRODUCT_NAME = StudentView;
				SDKROOT = iphoneos;
				SWIFT_EMIT_LOC_STRINGS = YES;
				SWIFT_VERSION = 5.0;
				TARGETED_DEVICE_FAMILY = 2;
				VALIDATE_PRODUCT = YES;
			};
			name = Release;
		};
		1A657C0528ADBCBA00BE4565 /* Debug */ = {
			isa = XCBuildConfiguration;
			buildSettings = {
				ASSETCATALOG_COMPILER_APPICON_NAME = AppIcon;
				ASSETCATALOG_COMPILER_GLOBAL_ACCENT_COLOR_NAME = AccentColor;
				CODE_SIGN_ENTITLEMENTS = macOS/macOS.entitlements;
				CODE_SIGN_STYLE = Automatic;
				COMBINE_HIDPI_IMAGES = YES;
				CURRENT_PROJECT_VERSION = 1;
				DEVELOPMENT_TEAM = B3NH98QL9A;
				ENABLE_HARDENED_RUNTIME = YES;
				ENABLE_PREVIEWS = YES;
				GENERATE_INFOPLIST_FILE = YES;
				INFOPLIST_FILE = macOS/Info.plist;
				INFOPLIST_KEY_NSHumanReadableCopyright = "";
				LD_RUNPATH_SEARCH_PATHS = (
					"$(inherited)",
					"@executable_path/../Frameworks",
				);
				MACOSX_DEPLOYMENT_TARGET = 12.3;
				MARKETING_VERSION = 1.0;
				PRODUCT_BUNDLE_IDENTIFIER = com.joshrootdev.StudentView;
				PRODUCT_NAME = StudentView;
				SDKROOT = macosx;
				SWIFT_EMIT_LOC_STRINGS = YES;
				SWIFT_VERSION = 5.0;
			};
			name = Debug;
		};
		1A657C0628ADBCBA00BE4565 /* Release */ = {
			isa = XCBuildConfiguration;
			buildSettings = {
				ASSETCATALOG_COMPILER_APPICON_NAME = AppIcon;
				ASSETCATALOG_COMPILER_GLOBAL_ACCENT_COLOR_NAME = AccentColor;
				CODE_SIGN_ENTITLEMENTS = macOS/macOS.entitlements;
				CODE_SIGN_STYLE = Automatic;
				COMBINE_HIDPI_IMAGES = YES;
				CURRENT_PROJECT_VERSION = 1;
				DEVELOPMENT_TEAM = B3NH98QL9A;
				ENABLE_HARDENED_RUNTIME = YES;
				ENABLE_PREVIEWS = YES;
				GENERATE_INFOPLIST_FILE = YES;
				INFOPLIST_FILE = macOS/Info.plist;
				INFOPLIST_KEY_NSHumanReadableCopyright = "";
				LD_RUNPATH_SEARCH_PATHS = (
					"$(inherited)",
					"@executable_path/../Frameworks",
				);
				MACOSX_DEPLOYMENT_TARGET = 12.3;
				MARKETING_VERSION = 1.0;
				PRODUCT_BUNDLE_IDENTIFIER = com.joshrootdev.StudentView;
				PRODUCT_NAME = StudentView;
				SDKROOT = macosx;
				SWIFT_EMIT_LOC_STRINGS = YES;
				SWIFT_VERSION = 5.0;
			};
			name = Release;
		};
/* End XCBuildConfiguration section */

/* Begin XCConfigurationList section */
		1A657BE128ADBCB800BE4565 /* Build configuration list for PBXProject "StudentView" */ = {
			isa = XCConfigurationList;
			buildConfigurations = (
				1A657BFF28ADBCBA00BE4565 /* Debug */,
				1A657C0028ADBCBA00BE4565 /* Release */,
			);
			defaultConfigurationIsVisible = 0;
			defaultConfigurationName = Release;
		};
		1A657C0128ADBCBA00BE4565 /* Build configuration list for PBXNativeTarget "StudentView (iOS)" */ = {
			isa = XCConfigurationList;
			buildConfigurations = (
				1A657C0228ADBCBA00BE4565 /* Debug */,
				1A657C0328ADBCBA00BE4565 /* Release */,
			);
			defaultConfigurationIsVisible = 0;
			defaultConfigurationName = Release;
		};
		1A657C0428ADBCBA00BE4565 /* Build configuration list for PBXNativeTarget "StudentView (macOS)" */ = {
			isa = XCConfigurationList;
			buildConfigurations = (
				1A657C0528ADBCBA00BE4565 /* Debug */,
				1A657C0628ADBCBA00BE4565 /* Release */,
			);
			defaultConfigurationIsVisible = 0;
			defaultConfigurationName = Release;
		};
/* End XCConfigurationList section */

/* Begin XCVersionGroup section */
		1A657C1028ADD8C100BE4565 /* Main.xcdatamodeld */ = {
			isa = XCVersionGroup;
			children = (
				1A657C1128ADD8C100BE4565 /* Main.xcdatamodel */,
			);
			currentVersion = 1A657C1128ADD8C100BE4565 /* Main.xcdatamodel */;
			path = Main.xcdatamodeld;
			sourceTree = "<group>";
			versionGroupType = wrapper.xcdatamodel;
		};
/* End XCVersionGroup section */
	};
	rootObject = 1A657BDE28ADBCB800BE4565 /* Project object */;
}
